
Microsoft Visual Studio Solution File, Format Version 12.00
# Visual Studio 2012
Project("{FAE04EC0-301F-11D3-BF4B-00C04F79EFBC}") = "DialAtOnce.iOS", "DialAtOnce.iOS\DialAtOnce.iOS.csproj", "{A6156574-D65B-433B-808D-E2ADAAB73E3D}"
EndProject
Project("{FAE04EC0-301F-11D3-BF4B-00C04F79EFBC}") = "DialAtOnce.PCL", "DialAtOnce.PCL\DialAtOnce.PCL.csproj", "{77764FCC-6E3A-48A4-99BB-A161B65F80A4}"
EndProject
Global
	GlobalSection(SolutionConfigurationPlatforms) = preSolution
		Debug|Any CPU = Debug|Any CPU
		Release|Any CPU = Release|Any CPU
		Debug|iPhoneSimulator = Debug|iPhoneSimulator
		Release|iPhoneSimulator = Release|iPhoneSimulator
		Debug|iPhone = Debug|iPhone
		Release|iPhone = Release|iPhone
		Ad-Hoc|iPhone = Ad-Hoc|iPhone
		AppStore|iPhone = AppStore|iPhone
	EndGlobalSection
	GlobalSection(ProjectConfigurationPlatforms) = postSolution
		{77764FCC-6E3A-48A4-99BB-A161B65F80A4}.Ad-Hoc|iPhone.ActiveCfg = Release|Any CPU
		{77764FCC-6E3A-48A4-99BB-A161B65F80A4}.Ad-Hoc|iPhone.Build.0 = Release|Any CPU
		{77764FCC-6E3A-48A4-99BB-A161B65F80A4}.AppStore|iPhone.ActiveCfg = Release|Any CPU
		{77764FCC-6E3A-48A4-99BB-A161B65F80A4}.AppStore|iPhone.Build.0 = Release|Any CPU
		{77764FCC-6E3A-48A4-99BB-A161B65F80A4}.Debug|Any CPU.ActiveCfg = Debug|Any CPU
		{77764FCC-6E3A-48A4-99BB-A161B65F80A4}.Debug|Any CPU.Build.0 = Debug|Any CPU
		{77764FCC-6E3A-48A4-99BB-A161B65F80A4}.Debug|iPhone.ActiveCfg = Debug|Any CPU
		{77764FCC-6E3A-48A4-99BB-A161B65F80A4}.Debug|iPhone.Build.0 = Debug|Any CPU
		{77764FCC-6E3A-48A4-99BB-A161B65F80A4}.Debug|iPhoneSimulator.ActiveCfg = Debug|Any CPU
		{77764FCC-6E3A-48A4-99BB-A161B65F80A4}.Debug|iPhoneSimulator.Build.0 = Debug|Any CPU
		{77764FCC-6E3A-48A4-99BB-A161B65F80A4}.Release|Any CPU.ActiveCfg = Release|Any CPU
		{77764FCC-6E3A-48A4-99BB-A161B65F80A4}.Release|Any CPU.Build.0 = Release|Any CPU
		{77764FCC-6E3A-48A4-99BB-A161B65F80A4}.Release|iPhone.ActiveCfg = Release|Any CPU
		{77764FCC-6E3A-48A4-99BB-A161B65F80A4}.Release|iPhone.Build.0 = Release|Any CPU
		{77764FCC-6E3A-48A4-99BB-A161B65F80A4}.Release|iPhoneSimulator.ActiveCfg = Release|Any CPU
		{77764FCC-6E3A-48A4-99BB-A161B65F80A4}.Release|iPhoneSimulator.Build.0 = Release|Any CPU
		{A6156574-D65B-433B-808D-E2ADAAB73E3D}.Ad-Hoc|iPhone.ActiveCfg = Ad-Hoc|iPhone
		{A6156574-D65B-433B-808D-E2ADAAB73E3D}.Ad-Hoc|iPhone.Build.0 = Ad-Hoc|iPhone
		{A6156574-D65B-433B-808D-E2ADAAB73E3D}.AppStore|iPhone.ActiveCfg = AppStore|iPhone
		{A6156574-D65B-433B-808D-E2ADAAB73E3D}.AppStore|iPhone.Build.0 = AppStore|iPhone
		{A6156574-D65B-433B-808D-E2ADAAB73E3D}.Debug|Any CPU.ActiveCfg = Debug|iPhoneSimulator
		{A6156574-D65B-433B-808D-E2ADAAB73E3D}.Debug|Any CPU.Build.0 = Debug|iPhoneSimulator
		{A6156574-D65B-433B-808D-E2ADAAB73E3D}.Debug|iPhone.ActiveCfg = Debug|iPhone
		{A6156574-D65B-433B-808D-E2ADAAB73E3D}.Debug|iPhone.Build.0 = Debug|iPhone
		{A6156574-D65B-433B-808D-E2ADAAB73E3D}.Debug|iPhoneSimulator.ActiveCfg = Debug|iPhoneSimulator
		{A6156574-D65B-433B-808D-E2ADAAB73E3D}.Debug|iPhoneSimulator.Build.0 = Debug|iPhoneSimulator
		{A6156574-D65B-433B-808D-E2ADAAB73E3D}.Release|Any CPU.ActiveCfg = Release|iPhoneSimulator
		{A6156574-D65B-433B-808D-E2ADAAB73E3D}.Release|Any CPU.Build.0 = Release|iPhoneSimulator
		{A6156574-D65B-433B-808D-E2ADAAB73E3D}.Release|iPhone.ActiveCfg = Release|iPhone
		{A6156574-D65B-433B-808D-E2ADAAB73E3D}.Release|iPhone.Build.0 = Release|iPhone
		{A6156574-D65B-433B-808D-E2ADAAB73E3D}.Release|iPhoneSimulator.ActiveCfg = Release|iPhoneSimulator
		{A6156574-D65B-433B-808D-E2ADAAB73E3D}.Release|iPhoneSimulator.Build.0 = Release|iPhoneSimulator
	EndGlobalSection
	GlobalSection(MonoDevelopProperties) = preSolution
		StartupItem = DiatAtOnce.iOS\DialAtOnce.iOS.csproj
	EndGlobalSection
EndGlobal
